
Microsoft Visual Studio Solution File, Format Version 12.00
# Visual Studio Version 16
VisualStudioVersion = 16.0.31205.134
MinimumVisualStudioVersion = 10.0.40219.1
Project("{FAE04EC0-301F-11D3-BF4B-00C04F79EFBC}") = "ProyectoCRUD2", "ProyectoCRUD2\ProyectoCRUD2.csproj", "{B1923E1E-1A69-44C0-9488-150CE13AE94C}"
EndProject
Global
	GlobalSection(SolutionConfigurationPlatforms) = preSolution
		Debug|Any CPU = Debug|Any CPU
		Release|Any CPU = Release|Any CPU
	EndGlobalSection
	GlobalSection(ProjectConfigurationPlatforms) = postSolution
		{B1923E1E-1A69-44C0-9488-150CE13AE94C}.Debug|Any CPU.ActiveCfg = Debug|Any CPU
		{B1923E1E-1A69-44C0-9488-150CE13AE94C}.Debug|Any CPU.Build.0 = Debug|Any CPU
		{B1923E1E-1A69-44C0-9488-150CE13AE94C}.Release|Any CPU.ActiveCfg = Release|Any CPU
		{B1923E1E-1A69-44C0-9488-150CE13AE94C}.Release|Any CPU.Build.0 = Release|Any CPU
	EndGlobalSection
	GlobalSection(SolutionProperties) = preSolution
		HideSolutionNode = FALSE
	EndGlobalSection
	GlobalSection(ExtensibilityGlobals) = postSolution
		SolutionGuid = {62D565E7-D940-4B5E-98FE-36A4F76103CB}
	EndGlobalSection
EndGlobal
